{
    "_readme": [
        "This file locks the dependencies of your project to a known state",
        "Read more about it at https://getcomposer.org/doc/01-basic-usage.md#composer-lock-the-lock-file",
        "This file is @generated automatically"
    ],
    "hash": "b764ce51ed4fb2166db0fcb58996bf0f",
    "content-hash": "2d7b4d9974e9c73b65e56c75a20e0527",
    "packages": [
        {
            "name": "composer/installers",
            "version": "v1.0.21",
            "source": {
                "type": "git",
                "url": "https://github.com/composer/installers.git",
                "reference": "d64e23fce42a4063d63262b19b8e7c0f3b5e4c45"
            },
            "dist": {
                "type": "zip",
                "url": "https://api.github.com/repos/composer/installers/zipball/d64e23fce42a4063d63262b19b8e7c0f3b5e4c45",
                "reference": "d64e23fce42a4063d63262b19b8e7c0f3b5e4c45",
                "shasum": ""
            },
            "replace": {
                "roundcube/plugin-installer": "*",
                "shama/baton": "*"
            },
            "require-dev": {
                "composer/composer": "1.0.*@dev",
                "phpunit/phpunit": "4.1.*"
            },
            "type": "composer-installer",
            "extra": {
                "class": "Composer\\Installers\\Installer",
                "branch-alias": {
                    "dev-master": "1.0-dev"
                }
            },
            "autoload": {
                "psr-0": {
                    "Composer\\Installers\\": "src/"
                }
            },
            "notification-url": "https://packagist.org/downloads/",
            "license": [
                "MIT"
            ],
            "authors": [
                {
                    "name": "Kyle Robinson Young",
                    "email": "kyle@dontkry.com",
                    "homepage": "https://github.com/shama"
                }
            ],
            "description": "A multi-framework Composer library installer",
            "homepage": "http://composer.github.com/installers/",
            "keywords": [
                "Craft",
                "Dolibarr",
                "Hurad",
                "MODX Evo",
                "OXID",
                "SMF",
                "Thelia",
                "WolfCMS",
                "agl",
                "aimeos",
                "annotatecms",
                "bitrix",
                "cakephp",
                "chef",
                "codeigniter",
                "concrete5",
                "croogo",
                "dokuwiki",
                "drupal",
                "elgg",
                "fuelphp",
                "grav",
                "installer",
                "joomla",
                "kohana",
                "laravel",
                "lithium",
                "magento",
                "mako",
                "mediawiki",
                "modulework",
                "moodle",
                "phpbb",
                "piwik",
                "ppi",
                "puppet",
                "roundcube",
                "shopware",
                "silverstripe",
                "symfony",
                "typo3",
                "wordpress",
                "zend",
                "zikula"
            ],
            "time": "2015-02-18 17:17:01"
        },
        {
            "name": "fancyguy/webroot-installer",
            "version": "1.1.0",
            "source": {
                "type": "git",
                "url": "https://github.com/fancyguy/webroot-installer.git",
                "reference": "a2d5c2e149d837e5580a62a91d3c91577aa30d28"
            },
            "dist": {
                "type": "zip",
                "url": "https://api.github.com/repos/fancyguy/webroot-installer/zipball/a2d5c2e149d837e5580a62a91d3c91577aa30d28",
                "reference": "a2d5c2e149d837e5580a62a91d3c91577aa30d28",
                "shasum": ""
            },
            "require-dev": {
                "composer/composer": "1.0.*@dev",
                "phpunit/phpunit": "3.7.*"
            },
            "type": "composer-installer",
            "extra": {
                "class": "FancyGuy\\Composer\\WebrootInstaller"
            },
            "autoload": {
                "psr-0": {
                    "FancyGuy\\Composer\\": "src/"
                }
            },
            "notification-url": "https://packagist.org/downloads/",
            "license": [
                "BSD-3-Clause"
            ],
            "authors": [
                {
                    "name": "Steve Buzonas",
                    "email": "steve@fancyguy.com",
                    "homepage": "http://www.stevebuzonas.com"
                }
            ],
            "description": "A composer installer for libraries that live in an application webroot.",
            "homepage": "http://fancyguy.github.com/webroot-installer/",
            "time": "2013-03-15 17:51:14"
        },
        {
            "name": "humanmade/s3-uploads",
            "version": "dev-master",
            "source": {
                "type": "git",
                "url": "git@github.com:humanmade/S3-Uploads.git",
                "reference": "8162f973a521b49b2320dc5da1e0ca751abe64c3"
            },
            "require": {
                "composer/installers": "~1.0"
            },
            "type": "wordpress-plugin",
            "license": [
                "GPL-2.0+"
            ],
            "authors": [
                {
                    "name": "Human Made Limited",
                    "email": "support@humanmade.co.uk",
                    "homepage": "http://hmn.md/"
                }
            ],
            "description": "WordPress plugin to store uploads on S3",
            "homepage": "https://github.com/humanmade/S3-Uploads",
            "keywords": [
                "wordpress"
            ],
            "support": {
                "issues": "https://github.com/humanmade/s3-uploads/issues",
                "source": "https://github.com/humanmade/s3-uploads"
            },
            "time": "2016-12-13 01:23:27"
        },
        {
            "name": "iip-design/america-wp-rest-api",
            "version": "1.0.2",
            "source": {
                "type": "git",
                "url": "git@github.com:IIP-Design/america-wp-rest-api.git",
                "reference": "eba536e5d137a8887349885a45c51c90a18183d1"
            },
            "require": {
                "composer/installers": "~1.0"
            },
            "type": "wordpress-plugin",
            "authors": [
                {
                    "name": "Office of Design, Bureau of International Information Programs",
                    "email": "gustassj@america.gov"
                }
            ],
            "description": "Creates a custom namespace and endpoints to extend the WP REST API as the America API.",
            "time": "2016-11-17 21:56:01"
        },
        {
            "name": "iip-design/corona",
            "version": "v2.7.1",
            "source": {
                "type": "git",
                "url": "git@github.com:IIP-Design/corona-theme.git",
                "reference": "ebd5a7fa33c131ec2231fc9f344d2fa1df3466f8"
            },
            "require": {
                "composer/installers": "v1.0.21"
            },
            "type": "wordpress-theme",
            "license": [
                "MIT"
            ],
            "description": "A Wordpress base theme",
            "time": "2016-08-15 17:02:53"
        },
        {
            "name": "iip-design/courses-custom-posts",
            "version": "1.2.0",
            "source": {
                "type": "git",
                "url": "git@github.com:IIP-Design/courses-custom-posts.git",
                "reference": "40971d8699503765f1d9344f7a8779c4545860ab"
            },
            "require": {
                "composer/installers": "~1.0"
            },
            "type": "wordpress-plugin",
            "authors": [
                {
                    "name": "Office of Design, Bureau of International Information Programs",
                    "email": "gustassj@america.gov"
                }
            ],
            "description": "A WordPress plugin that will create a custom post type to create courses.",
            "time": "2017-01-06 19:40:23"
        },
        {
            "name": "koodimonni/composer-dropin-installer",
            "version": "1.0",
            "source": {
                "type": "git",
                "url": "https://github.com/Koodimonni/Composer-Dropin-Installer.git",
                "reference": "717d992bccb9e5b1fded44136333704d4e61a4ae"
            },
            "dist": {
                "type": "zip",
                "url": "https://api.github.com/repos/Koodimonni/Composer-Dropin-Installer/zipball/717d992bccb9e5b1fded44136333704d4e61a4ae",
                "reference": "717d992bccb9e5b1fded44136333704d4e61a4ae",
                "shasum": ""
            },
            "require": {
                "composer-plugin-api": "^1.0"
            },
            "require-dev": {
                "phpunit/phpunit": "3.7.*-dev"
            },
            "type": "composer-plugin",
            "extra": {
                "class": "Koodimonni\\Composer\\Dropin"
            },
            "autoload": {
                "psr-4": {
                    "Koodimonni\\Composer\\": "src"
                }
            },
            "notification-url": "https://packagist.org/downloads/",
            "license": [
                "WTFPL"
            ],
            "authors": [
                {
                    "name": "Onni Hakala",
                    "email": "onni@koodimonni.fi"
                }
            ],
            "description": "Do what the fuck you want with your composer packages aka. Composer Dropin installer. Install packages or part of packages into custom paths without overwriting existing stuff.",
            "time": "2015-06-11 14:15:20"
        },
        {
            "name": "usstatedept/wp-hide-login-form",
            "version": "1.0.1",
            "source": {
                "type": "git",
                "url": "git@github.com:USStateDept/wp-hide-login-form.git",
                "reference": "5c9a0f55eeea503f82e42d0438fceda8640016ca"
            },
            "require": {
                "composer/installers": "~1.0"
            },
            "type": "wordpress-plugin",
            "authors": [
                {
                    "name": "Office of Design, Bureau of International Information Programs",
                    "email": "gustassj@america.gov"
                }
            ],
            "description": "A WordPress plugin to hide the login form on the login page when the Google Apps Login plugin is active.",
            "time": "2015-12-16 16:18:36"
        },
        {
            "name": "wordpress",
            "version": "4.6.1",
            "dist": {
                "type": "zip",
                "url": "https://github.com/WordPress/WordPress/archive/4.6.1.zip",
                "reference": null,
                "shasum": null
            },
            "require": {
                "fancyguy/webroot-installer": "1.1.0"
            },
            "type": "webroot"
        },
        {
            "name": "wpackagist-plugin/amazon-ses-and-dkim-mailer",
            "version": "1.7",
            "source": {
                "type": "svn",
                "url": "https://plugins.svn.wordpress.org/amazon-ses-and-dkim-mailer/",
                "reference": "tags/1.7"
            },
            "dist": {
                "type": "zip",
                "url": "https://downloads.wordpress.org/plugin/amazon-ses-and-dkim-mailer.1.7.zip",
                "reference": null,
                "shasum": null
            },
            "require": {
                "composer/installers": "~1.0"
            },
            "type": "wordpress-plugin",
            "homepage": "https://wordpress.org/plugins/amazon-ses-and-dkim-mailer/"
        },
        {
            "name": "wpackagist-plugin/ewww-image-optimizer",
            "version": "3.1.3",
            "source": {
                "type": "svn",
                "url": "https://plugins.svn.wordpress.org/ewww-image-optimizer/",
                "reference": "tags/3.1.3"
            },
            "dist": {
                "type": "zip",
                "url": "https://downloads.wordpress.org/plugin/ewww-image-optimizer.3.1.3.zip",
                "reference": null,
                "shasum": null
            },
            "require": {
                "composer/installers": "~1.0"
            },
            "type": "wordpress-plugin",
            "homepage": "https://wordpress.org/plugins/ewww-image-optimizer/"
        },
        {
            "name": "wpackagist-plugin/google-apps-login",
            "version": "2.10.4",
            "source": {
                "type": "svn",
                "url": "https://plugins.svn.wordpress.org/google-apps-login/",
                "reference": "tags/2.10.4"
            },
            "dist": {
                "type": "zip",
                "url": "https://downloads.wordpress.org/plugin/google-apps-login.2.10.4.zip",
                "reference": null,
                "shasum": null
            },
            "require": {
                "composer/installers": "~1.0"
            },
            "type": "wordpress-plugin",
            "homepage": "https://wordpress.org/plugins/google-apps-login/"
        },
        {
            "name": "wpackagist-plugin/manual-image-crop",
            "version": "1.12",
            "source": {
                "type": "svn",
                "url": "https://plugins.svn.wordpress.org/manual-image-crop/",
                "reference": "tags/1.12"
            },
            "dist": {
                "type": "zip",
                "url": "https://downloads.wordpress.org/plugin/manual-image-crop.1.12.zip",
                "reference": null,
                "shasum": null
            },
            "require": {
                "composer/installers": "~1.0"
            },
            "type": "wordpress-plugin",
            "homepage": "https://wordpress.org/plugins/manual-image-crop/"
        },
        {
            "name": "wpackagist-plugin/rest-api",
            "version": "2.0-beta15",
            "source": {
                "type": "svn",
                "url": "https://plugins.svn.wordpress.org/rest-api/",
                "reference": "tags/2.0-beta15"
            },
            "dist": {
                "type": "zip",
                "url": "https://downloads.wordpress.org/plugin/rest-api.2.0-beta15.zip",
                "reference": null,
                "shasum": null
            },
            "require": {
                "composer/installers": "~1.0"
            },
            "type": "wordpress-plugin",
            "homepage": "https://wordpress.org/plugins/rest-api/"
        },
        {
            "name": "wpackagist-plugin/wordpress-mu-domain-mapping",
            "version": "0.5.5.1",
            "source": {
                "type": "svn",
                "url": "https://plugins.svn.wordpress.org/wordpress-mu-domain-mapping/",
                "reference": "tags/0.5.5.1"
            },
            "dist": {
                "type": "zip",
                "url": "https://downloads.wordpress.org/plugin/wordpress-mu-domain-mapping.0.5.5.1.zip",
                "reference": null,
                "shasum": null
            },
            "require": {
                "composer/installers": "~1.0"
            },
            "type": "wordpress-plugin",
            "homepage": "https://wordpress.org/plugins/wordpress-mu-domain-mapping/"
        }
    ],
    "packages-dev": [],
    "aliases": [],
    "minimum-stability": "stable",
    "stability-flags": {
        "humanmade/s3-uploads": 20,
        "wpackagist-plugin/rest-api": 10
    },
    "prefer-stable": false,
    "prefer-lowest": false,
    "platform": [],
    "platform-dev": []
}
